
Microsoft Visual Studio Solution File, Format Version 12.00
# Visual Studio Version 17
VisualStudioVersion = 17.8.34309.116
MinimumVisualStudioVersion = 10.0.40219.1
Project("{9A19103F-16F7-4668-BE54-9A1E7A4F7556}") = "NHExamples.EndPoint2", "NHExamples.EndPoint2\NHExamples.EndPoint2.csproj", "{C588A612-91E2-450A-8AFC-75D405BA9FFD}"
EndProject
Project("{FAE04EC0-301F-11D3-BF4B-00C04F79EFBC}") = "NHExamples.EndPoint1", "NHExamples.EndPoint1\NHExamples.EndPoint1.csproj", "{59D88C55-B56D-468E-8F15-9C2FD47B7D20}"
EndProject
Global
	GlobalSection(SolutionConfigurationPlatforms) = preSolution
		Debug|Any CPU = Debug|Any CPU
		Release|Any CPU = Release|Any CPU
	EndGlobalSection
	GlobalSection(ProjectConfigurationPlatforms) = postSolution
		{C588A612-91E2-450A-8AFC-75D405BA9FFD}.Debug|Any CPU.ActiveCfg = Debug|Any CPU
		{C588A612-91E2-450A-8AFC-75D405BA9FFD}.Debug|Any CPU.Build.0 = Debug|Any CPU
		{C588A612-91E2-450A-8AFC-75D405BA9FFD}.Release|Any CPU.ActiveCfg = Release|Any CPU
		{C588A612-91E2-450A-8AFC-75D405BA9FFD}.Release|Any CPU.Build.0 = Release|Any CPU
		{59D88C55-B56D-468E-8F15-9C2FD47B7D20}.Debug|Any CPU.ActiveCfg = Debug|Any CPU
		{59D88C55-B56D-468E-8F15-9C2FD47B7D20}.Debug|Any CPU.Build.0 = Debug|Any CPU
		{59D88C55-B56D-468E-8F15-9C2FD47B7D20}.Release|Any CPU.ActiveCfg = Release|Any CPU
		{59D88C55-B56D-468E-8F15-9C2FD47B7D20}.Release|Any CPU.Build.0 = Release|Any CPU
	EndGlobalSection
	GlobalSection(SolutionProperties) = preSolution
		HideSolutionNode = FALSE
	EndGlobalSection
	GlobalSection(ExtensibilityGlobals) = postSolution
		SolutionGuid = {BE831393-19A5-4650-8567-A04155A01C72}
	EndGlobalSection
EndGlobal
